{
  "name": "monorepo-example",
  "version": "1.0.0",
  "lockfileVersion": 2,
  "requires": true,
  "packages": {
    "": {
      "version": "1.0.0",
      "license": "ISC",
      "workspaces": [
        "./apis/packages/log",
        "./apis/ripple"
      ],
      "dependencies": {
        "typescript": "^4.7.2"
      }
    },
    "apis/packages/log": {
      "version": "1.0.0",
      "license": "ISC",
      "dependencies": {
        "typescript": "^4.7.2"
      }
    },
    "apis/ripple": {
      "version": "1.0.0",
      "license": "ISC",
      "dependencies": {
        "typescript": "^4.7.2"
      }
    },
    "node_modules/log": {
      "resolved": "apis/packages/log",
      "link": true
    },
    "node_modules/ripple": {
      "resolved": "apis/ripple",
      "link": true
    },
    "node_modules/typescript": {
      "version": "4.7.2",
      "resolved": "https://registry.npmjs.org/typescript/-/typescript-4.7.2.tgz",
      "integrity": "sha512-Mamb1iX2FDUpcTRzltPxgWMKy3fhg0TN378ylbktPGPK/99KbDtMQ4W1hwgsbPAsG3a0xKa1vmw4VKZQbkvz5A==",
      "bin": {
        "tsc": "bin/tsc",
        "tsserver": "bin/tsserver"
      },
      "engines": {
        "node": ">=4.2.0"
      }
    }
  },
  "dependencies": {
    "log": {
      "version": "file:apis/packages/log",
      "requires": {
        "typescript": "^4.7.2"
      }
    },
    "ripple": {
      "version": "file:apis/ripple",
      "requires": {
        "typescript": "^4.7.2"
      }
    },
    "typescript": {
      "version": "4.7.2",
      "resolved": "https://registry.npmjs.org/typescript/-/typescript-4.7.2.tgz",
      "integrity": "sha512-Mamb1iX2FDUpcTRzltPxgWMKy3fhg0TN378ylbktPGPK/99KbDtMQ4W1hwgsbPAsG3a0xKa1vmw4VKZQbkvz5A=="
    }
  }
}
